
Microsoft Visual Studio Solution File, Format Version 12.00
# Visual Studio 2013
VisualStudioVersion = 12.0.31101.0
MinimumVisualStudioVersion = 10.0.40219.1
Project("{FAE04EC0-301F-11D3-BF4B-00C04F79EFBC}") = "OdeToFood", "OdeToFood\OdeToFood.csproj", "{4BC00A13-3A12-47AC-A80A-0922AA168A59}"
EndProject
Project("{FAE04EC0-301F-11D3-BF4B-00C04F79EFBC}") = "OdeToFood.Tests", "OdeToFood.Tests\OdeToFood.Tests.csproj", "{333BFC3C-5219-4A90-939F-639EB7CB123C}"
EndProject
Project("{FAE04EC0-301F-11D3-BF4B-00C04F79EFBC}") = "OdeToFood.Core", "OdeToFood.Core\OdeToFood.Core.csproj", "{685F0BA1-179A-4E96-A06F-BBBD8761E008}"
EndProject
Project("{FAE04EC0-301F-11D3-BF4B-00C04F79EFBC}") = "OdeToFood.Data", "OdeToFood.Data\OdeToFood.Data.csproj", "{D3F2D16D-ABE9-4582-A605-A95410EE0B5D}"
EndProject
Project("{FAE04EC0-301F-11D3-BF4B-00C04F79EFBC}") = "OdeToFood.BusinessLogic", "OdeToFood.BusinessLogic\OdeToFood.BusinessLogic.csproj", "{D4212EEB-872F-4CA1-ABF2-8BBEA066E89F}"
EndProject
Project("{FAE04EC0-301F-11D3-BF4B-00C04F79EFBC}") = "OdeToFood.Contracts", "OdeToFood.Contracts\OdeToFood.Contracts.csproj", "{6CE6BB1A-F11F-4096-874E-4B2938445525}"
EndProject
Global
	GlobalSection(SolutionConfigurationPlatforms) = preSolution
		Debug|Any CPU = Debug|Any CPU
		Release|Any CPU = Release|Any CPU
	EndGlobalSection
	GlobalSection(ProjectConfigurationPlatforms) = postSolution
		{4BC00A13-3A12-47AC-A80A-0922AA168A59}.Debug|Any CPU.ActiveCfg = Debug|Any CPU
		{4BC00A13-3A12-47AC-A80A-0922AA168A59}.Debug|Any CPU.Build.0 = Debug|Any CPU
		{4BC00A13-3A12-47AC-A80A-0922AA168A59}.Release|Any CPU.ActiveCfg = Release|Any CPU
		{4BC00A13-3A12-47AC-A80A-0922AA168A59}.Release|Any CPU.Build.0 = Release|Any CPU
		{333BFC3C-5219-4A90-939F-639EB7CB123C}.Debug|Any CPU.ActiveCfg = Debug|Any CPU
		{333BFC3C-5219-4A90-939F-639EB7CB123C}.Debug|Any CPU.Build.0 = Debug|Any CPU
		{333BFC3C-5219-4A90-939F-639EB7CB123C}.Release|Any CPU.ActiveCfg = Release|Any CPU
		{333BFC3C-5219-4A90-939F-639EB7CB123C}.Release|Any CPU.Build.0 = Release|Any CPU
		{685F0BA1-179A-4E96-A06F-BBBD8761E008}.Debug|Any CPU.ActiveCfg = Debug|Any CPU
		{685F0BA1-179A-4E96-A06F-BBBD8761E008}.Debug|Any CPU.Build.0 = Debug|Any CPU
		{685F0BA1-179A-4E96-A06F-BBBD8761E008}.Release|Any CPU.ActiveCfg = Release|Any CPU
		{685F0BA1-179A-4E96-A06F-BBBD8761E008}.Release|Any CPU.Build.0 = Release|Any CPU
		{D3F2D16D-ABE9-4582-A605-A95410EE0B5D}.Debug|Any CPU.ActiveCfg = Debug|Any CPU
		{D3F2D16D-ABE9-4582-A605-A95410EE0B5D}.Debug|Any CPU.Build.0 = Debug|Any CPU
		{D3F2D16D-ABE9-4582-A605-A95410EE0B5D}.Release|Any CPU.ActiveCfg = Release|Any CPU
		{D3F2D16D-ABE9-4582-A605-A95410EE0B5D}.Release|Any CPU.Build.0 = Release|Any CPU
		{D4212EEB-872F-4CA1-ABF2-8BBEA066E89F}.Debug|Any CPU.ActiveCfg = Debug|Any CPU
		{D4212EEB-872F-4CA1-ABF2-8BBEA066E89F}.Debug|Any CPU.Build.0 = Debug|Any CPU
		{D4212EEB-872F-4CA1-ABF2-8BBEA066E89F}.Release|Any CPU.ActiveCfg = Release|Any CPU
		{D4212EEB-872F-4CA1-ABF2-8BBEA066E89F}.Release|Any CPU.Build.0 = Release|Any CPU
		{6CE6BB1A-F11F-4096-874E-4B2938445525}.Debug|Any CPU.ActiveCfg = Debug|Any CPU
		{6CE6BB1A-F11F-4096-874E-4B2938445525}.Debug|Any CPU.Build.0 = Debug|Any CPU
		{6CE6BB1A-F11F-4096-874E-4B2938445525}.Release|Any CPU.ActiveCfg = Release|Any CPU
		{6CE6BB1A-F11F-4096-874E-4B2938445525}.Release|Any CPU.Build.0 = Release|Any CPU
	EndGlobalSection
	GlobalSection(SolutionProperties) = preSolution
		HideSolutionNode = FALSE
	EndGlobalSection
EndGlobal
