
Microsoft Visual Studio Solution File, Format Version 12.00
# Visual Studio 2013
VisualStudioVersion = 12.0.31101.0
MinimumVisualStudioVersion = 10.0.40219.1
Project("{FAE04EC0-301F-11D3-BF4B-00C04F79EFBC}") = "OdeToFood.Web", "OdeToFood\OdeToFood.Web.csproj", "{4BC00A13-3A12-47AC-A80A-0922AA168A59}"
EndProject
Project("{FAE04EC0-301F-11D3-BF4B-00C04F79EFBC}") = "OdeToFood.Tests", "OdeToFood.Tests\OdeToFood.Tests.csproj", "{333BFC3C-5219-4A90-939F-639EB7CB123C}"
EndProject
Project("{FAE04EC0-301F-11D3-BF4B-00C04F79EFBC}") = "OdeToFood.Data", "OdeToFood.Data\OdeToFood.Data.csproj", "{F7690AC2-81DE-4E1F-AAC0-CBBFAFB38419}"
EndProject
Project("{FAE04EC0-301F-11D3-BF4B-00C04F79EFBC}") = "OddToFood.Contracts", "OddToFood.Contracts\OddToFood.Contracts.csproj", "{5591E5EA-2F5F-46DF-804B-B55CCAFB5BAC}"
EndProject
Project("{E24C65DC-7377-472B-9ABA-BC803B73C61A}") = "AngularWebsite", "http://localhost:27680", "{184BFC6F-0DC1-4168-8EAB-7429E8A22ED1}"
	ProjectSection(WebsiteProperties) = preProject
		UseIISExpress = "true"
		TargetFrameworkMoniker = ".NETFramework,Version%3Dv4.5"
		Debug.AspNetCompiler.VirtualPath = "/localhost_27680"
		Debug.AspNetCompiler.PhysicalPath = "..\..\Documents\Visual Studio 2013\WebSites\AngularWebsite\"
		Debug.AspNetCompiler.TargetPath = "PrecompiledWeb\localhost_27680\"
		Debug.AspNetCompiler.Updateable = "true"
		Debug.AspNetCompiler.ForceOverwrite = "true"
		Debug.AspNetCompiler.FixedNames = "false"
		Debug.AspNetCompiler.Debug = "True"
		Release.AspNetCompiler.VirtualPath = "/localhost_27680"
		Release.AspNetCompiler.PhysicalPath = "..\..\Documents\Visual Studio 2013\WebSites\AngularWebsite\"
		Release.AspNetCompiler.TargetPath = "PrecompiledWeb\localhost_27680\"
		Release.AspNetCompiler.Updateable = "true"
		Release.AspNetCompiler.ForceOverwrite = "true"
		Release.AspNetCompiler.FixedNames = "false"
		Release.AspNetCompiler.Debug = "False"
		SlnRelativePath = "..\..\Documents\Visual Studio 2013\WebSites\AngularWebsite\"
		DefaultWebSiteLanguage = "Visual Basic"
	EndProjectSection
EndProject
Global
	GlobalSection(SolutionConfigurationPlatforms) = preSolution
		Debug|Any CPU = Debug|Any CPU
		Release|Any CPU = Release|Any CPU
	EndGlobalSection
	GlobalSection(ProjectConfigurationPlatforms) = postSolution
		{4BC00A13-3A12-47AC-A80A-0922AA168A59}.Debug|Any CPU.ActiveCfg = Debug|Any CPU
		{4BC00A13-3A12-47AC-A80A-0922AA168A59}.Debug|Any CPU.Build.0 = Debug|Any CPU
		{4BC00A13-3A12-47AC-A80A-0922AA168A59}.Release|Any CPU.ActiveCfg = Release|Any CPU
		{4BC00A13-3A12-47AC-A80A-0922AA168A59}.Release|Any CPU.Build.0 = Release|Any CPU
		{333BFC3C-5219-4A90-939F-639EB7CB123C}.Debug|Any CPU.ActiveCfg = Debug|Any CPU
		{333BFC3C-5219-4A90-939F-639EB7CB123C}.Debug|Any CPU.Build.0 = Debug|Any CPU
		{333BFC3C-5219-4A90-939F-639EB7CB123C}.Release|Any CPU.ActiveCfg = Release|Any CPU
		{333BFC3C-5219-4A90-939F-639EB7CB123C}.Release|Any CPU.Build.0 = Release|Any CPU
		{F7690AC2-81DE-4E1F-AAC0-CBBFAFB38419}.Debug|Any CPU.ActiveCfg = Debug|Any CPU
		{F7690AC2-81DE-4E1F-AAC0-CBBFAFB38419}.Debug|Any CPU.Build.0 = Debug|Any CPU
		{F7690AC2-81DE-4E1F-AAC0-CBBFAFB38419}.Release|Any CPU.ActiveCfg = Release|Any CPU
		{F7690AC2-81DE-4E1F-AAC0-CBBFAFB38419}.Release|Any CPU.Build.0 = Release|Any CPU
		{5591E5EA-2F5F-46DF-804B-B55CCAFB5BAC}.Debug|Any CPU.ActiveCfg = Debug|Any CPU
		{5591E5EA-2F5F-46DF-804B-B55CCAFB5BAC}.Debug|Any CPU.Build.0 = Debug|Any CPU
		{5591E5EA-2F5F-46DF-804B-B55CCAFB5BAC}.Release|Any CPU.ActiveCfg = Release|Any CPU
		{5591E5EA-2F5F-46DF-804B-B55CCAFB5BAC}.Release|Any CPU.Build.0 = Release|Any CPU
		{184BFC6F-0DC1-4168-8EAB-7429E8A22ED1}.Debug|Any CPU.ActiveCfg = Debug|Any CPU
		{184BFC6F-0DC1-4168-8EAB-7429E8A22ED1}.Debug|Any CPU.Build.0 = Debug|Any CPU
		{184BFC6F-0DC1-4168-8EAB-7429E8A22ED1}.Release|Any CPU.ActiveCfg = Debug|Any CPU
		{184BFC6F-0DC1-4168-8EAB-7429E8A22ED1}.Release|Any CPU.Build.0 = Debug|Any CPU
	EndGlobalSection
	GlobalSection(SolutionProperties) = preSolution
		HideSolutionNode = FALSE
	EndGlobalSection
EndGlobal
